
Microsoft Visual Studio Solution File, Format Version 12.00
# Visual Studio 2013
VisualStudioVersion = 12.0.30501.0
MinimumVisualStudioVersion = 10.0.40219.1
Project("{FAE04EC0-301F-11D3-BF4B-00C04F79EFBC}") = "Knufe", "Knufe\Knufe.csproj", "{33D5D1EE-62C6-4BE8-AE7F-74D1024C4827}"
EndProject
Project("{FAE04EC0-301F-11D3-BF4B-00C04F79EFBC}") = "Knufe.Test", "Knufe.Test\Knufe.Test.csproj", "{A6E75C51-DEDD-4BF3-B56B-70E5F46BEF8E}"
EndProject
Global
	GlobalSection(SolutionConfigurationPlatforms) = preSolution
		Debug|Any CPU = Debug|Any CPU
		Release|Any CPU = Release|Any CPU
	EndGlobalSection
	GlobalSection(ProjectConfigurationPlatforms) = postSolution
		{33D5D1EE-62C6-4BE8-AE7F-74D1024C4827}.Debug|Any CPU.ActiveCfg = Debug|Any CPU
		{33D5D1EE-62C6-4BE8-AE7F-74D1024C4827}.Debug|Any CPU.Build.0 = Debug|Any CPU
		{33D5D1EE-62C6-4BE8-AE7F-74D1024C4827}.Release|Any CPU.ActiveCfg = Release|Any CPU
		{33D5D1EE-62C6-4BE8-AE7F-74D1024C4827}.Release|Any CPU.Build.0 = Release|Any CPU
		{A6E75C51-DEDD-4BF3-B56B-70E5F46BEF8E}.Debug|Any CPU.ActiveCfg = Debug|Any CPU
		{A6E75C51-DEDD-4BF3-B56B-70E5F46BEF8E}.Debug|Any CPU.Build.0 = Debug|Any CPU
		{A6E75C51-DEDD-4BF3-B56B-70E5F46BEF8E}.Release|Any CPU.ActiveCfg = Release|Any CPU
		{A6E75C51-DEDD-4BF3-B56B-70E5F46BEF8E}.Release|Any CPU.Build.0 = Release|Any CPU
	EndGlobalSection
	GlobalSection(SolutionProperties) = preSolution
		HideSolutionNode = FALSE
	EndGlobalSection
EndGlobal
